
Microsoft Visual Studio Solution File, Format Version 12.00
# Visual Studio 15
VisualStudioVersion = 15.0.27130.2027
MinimumVisualStudioVersion = 10.0.40219.1
Project("{FAE04EC0-301F-11D3-BF4B-00C04F79EFBC}") = "CSDDataMorpher", "CSDDataMorpher\CSDDataMorpher.csproj", "{960D0166-D45D-4BF6-8518-D2AD09F01540}"
EndProject
Project("{9A19103F-16F7-4668-BE54-9A1E7A4F7556}") = "DelimitedStringParser", "..\..\..\..\Source\Repos\DelimitedStringParser\DelimitedStringParser\DelimitedStringParser.csproj", "{7134C38D-9DDA-4FA7-9FF7-B0C18009EC77}"
EndProject
Project("{9A19103F-16F7-4668-BE54-9A1E7A4F7556}") = "DelimitedStringParser.Bond", "..\..\..\..\Source\Repos\DelimitedStringParser\DelimitedStringParser.Bond\DelimitedStringParser.Bond.csproj", "{52F86F29-204C-419D-8BA1-812DAE5B88DC}"
EndProject
Global
	GlobalSection(SolutionConfigurationPlatforms) = preSolution
		Debug|Any CPU = Debug|Any CPU
		Release|Any CPU = Release|Any CPU
	EndGlobalSection
	GlobalSection(ProjectConfigurationPlatforms) = postSolution
		{960D0166-D45D-4BF6-8518-D2AD09F01540}.Debug|Any CPU.ActiveCfg = Debug|Any CPU
		{960D0166-D45D-4BF6-8518-D2AD09F01540}.Debug|Any CPU.Build.0 = Debug|Any CPU
		{960D0166-D45D-4BF6-8518-D2AD09F01540}.Release|Any CPU.ActiveCfg = Release|Any CPU
		{960D0166-D45D-4BF6-8518-D2AD09F01540}.Release|Any CPU.Build.0 = Release|Any CPU
		{7134C38D-9DDA-4FA7-9FF7-B0C18009EC77}.Debug|Any CPU.ActiveCfg = Debug|Any CPU
		{7134C38D-9DDA-4FA7-9FF7-B0C18009EC77}.Debug|Any CPU.Build.0 = Debug|Any CPU
		{7134C38D-9DDA-4FA7-9FF7-B0C18009EC77}.Release|Any CPU.ActiveCfg = Release|Any CPU
		{7134C38D-9DDA-4FA7-9FF7-B0C18009EC77}.Release|Any CPU.Build.0 = Release|Any CPU
		{52F86F29-204C-419D-8BA1-812DAE5B88DC}.Debug|Any CPU.ActiveCfg = Debug|Any CPU
		{52F86F29-204C-419D-8BA1-812DAE5B88DC}.Debug|Any CPU.Build.0 = Debug|Any CPU
		{52F86F29-204C-419D-8BA1-812DAE5B88DC}.Release|Any CPU.ActiveCfg = Release|Any CPU
		{52F86F29-204C-419D-8BA1-812DAE5B88DC}.Release|Any CPU.Build.0 = Release|Any CPU
	EndGlobalSection
	GlobalSection(SolutionProperties) = preSolution
		HideSolutionNode = FALSE
	EndGlobalSection
	GlobalSection(ExtensibilityGlobals) = postSolution
		SolutionGuid = {EBBC4D97-9EFC-4212-8542-9699C2A9BFB9}
	EndGlobalSection
EndGlobal
